// !$*UTF8*$!
{
	archiveVersion = 1;
	classes = {
	};
	objectVersion = 56;
	objects = {

/* Begin PBXBuildFile section */
		7440C33B2B851508004A39D4 /* AppDelegate.swift in Sources */ = {isa = PBXBuildFile; fileRef = 7440C33A2B851508004A39D4 /* AppDelegate.swift */; };
		7440C33D2B851508004A39D4 /* SceneDelegate.swift in Sources */ = {isa = PBXBuildFile; fileRef = 7440C33C2B851508004A39D4 /* SceneDelegate.swift */; };
		7440C3442B851509004A39D4 /* Assets.xcassets in Resources */ = {isa = PBXBuildFile; fileRef = 7440C3432B851509004A39D4 /* Assets.xcassets */; };
		7440C3472B851509004A39D4 /* LaunchScreen.storyboard in Resources */ = {isa = PBXBuildFile; fileRef = 7440C3452B851509004A39D4 /* LaunchScreen.storyboard */; };
		7440C3522B851509004A39D4 /* SephoraTests.swift in Sources */ = {isa = PBXBuildFile; fileRef = 7440C3512B851509004A39D4 /* SephoraTests.swift */; };
		7440C35C2B851509004A39D4 /* SephoraUITests.swift in Sources */ = {isa = PBXBuildFile; fileRef = 7440C35B2B851509004A39D4 /* SephoraUITests.swift */; };
		7440C35E2B851509004A39D4 /* SephoraUITestsLaunchTests.swift in Sources */ = {isa = PBXBuildFile; fileRef = 7440C35D2B851509004A39D4 /* SephoraUITestsLaunchTests.swift */; };
		7440C36C2B851E65004A39D4 /* Constants.swift in Sources */ = {isa = PBXBuildFile; fileRef = 7440C36B2B851E65004A39D4 /* Constants.swift */; };
		7440C3702B8522F1004A39D4 /* GetItemsService.swift in Sources */ = {isa = PBXBuildFile; fileRef = 7440C36F2B8522F1004A39D4 /* GetItemsService.swift */; };
		7440C3732B852378004A39D4 /* Item.swift in Sources */ = {isa = PBXBuildFile; fileRef = 7440C3722B852378004A39D4 /* Item.swift */; };
		7440C3762B85246A004A39D4 /* APIError.swift in Sources */ = {isa = PBXBuildFile; fileRef = 7440C3752B85246A004A39D4 /* APIError.swift */; };
		7440C3782B85287B004A39D4 /* ImageUrls.swift in Sources */ = {isa = PBXBuildFile; fileRef = 7440C3772B85287B004A39D4 /* ImageUrls.swift */; };
		7440C3952B85A572004A39D4 /* README.md in Resources */ = {isa = PBXBuildFile; fileRef = 7440C3942B85A572004A39D4 /* README.md */; };
		7440C3982B85A8C8004A39D4 /* Kingfisher in Frameworks */ = {isa = PBXBuildFile; productRef = 7440C3972B85A8C8004A39D4 /* Kingfisher */; };
		7440C39F2B865F71004A39D4 /* ItemsListInteractor.swift in Sources */ = {isa = PBXBuildFile; fileRef = 7440C3992B865F71004A39D4 /* ItemsListInteractor.swift */; };
		7440C3A02B865F71004A39D4 /* ItemsListAssembler.swift in Sources */ = {isa = PBXBuildFile; fileRef = 7440C39A2B865F71004A39D4 /* ItemsListAssembler.swift */; };
		7440C3A12B865F71004A39D4 /* ItemsListPresenter.swift in Sources */ = {isa = PBXBuildFile; fileRef = 7440C39B2B865F71004A39D4 /* ItemsListPresenter.swift */; };
		7440C3A22B865F71004A39D4 /* ItemsListViewController.swift in Sources */ = {isa = PBXBuildFile; fileRef = 7440C39C2B865F71004A39D4 /* ItemsListViewController.swift */; };
		7440C3A32B865F71004A39D4 /* ItemsListView.swift in Sources */ = {isa = PBXBuildFile; fileRef = 7440C39D2B865F71004A39D4 /* ItemsListView.swift */; };
		7440C3A42B865F71004A39D4 /* ItemCell.swift in Sources */ = {isa = PBXBuildFile; fileRef = 7440C39E2B865F71004A39D4 /* ItemCell.swift */; };
		7440C3A72B865F7D004A39D4 /* ItemDetailsView.swift in Sources */ = {isa = PBXBuildFile; fileRef = 7440C3A52B865F7D004A39D4 /* ItemDetailsView.swift */; };
		7440C3A82B865F7D004A39D4 /* ItemDetailsViewController.swift in Sources */ = {isa = PBXBuildFile; fileRef = 7440C3A62B865F7D004A39D4 /* ItemDetailsViewController.swift */; };
/* End PBXBuildFile section */

/* Begin PBXContainerItemProxy section */
		7440C34E2B851509004A39D4 /* PBXContainerItemProxy */ = {
			isa = PBXContainerItemProxy;
			containerPortal = 7440C32F2B851508004A39D4 /* Project object */;
			proxyType = 1;
			remoteGlobalIDString = 7440C3362B851508004A39D4;
			remoteInfo = Sephora;
		};
		7440C3582B851509004A39D4 /* PBXContainerItemProxy */ = {
			isa = PBXContainerItemProxy;
			containerPortal = 7440C32F2B851508004A39D4 /* Project object */;
			proxyType = 1;
			remoteGlobalIDString = 7440C3362B851508004A39D4;
			remoteInfo = Sephora;
		};
/* End PBXContainerItemProxy section */

/* Begin PBXFileReference section */
		7440C3372B851508004A39D4 /* Sephora.app */ = {isa = PBXFileReference; explicitFileType = wrapper.application; includeInIndex = 0; path = Sephora.app; sourceTree = BUILT_PRODUCTS_DIR; };
		7440C33A2B851508004A39D4 /* AppDelegate.swift */ = {isa = PBXFileReference; lastKnownFileType = sourcecode.swift; path = AppDelegate.swift; sourceTree = "<group>"; };
		7440C33C2B851508004A39D4 /* SceneDelegate.swift */ = {isa = PBXFileReference; lastKnownFileType = sourcecode.swift; path = SceneDelegate.swift; sourceTree = "<group>"; };
		7440C3432B851509004A39D4 /* Assets.xcassets */ = {isa = PBXFileReference; lastKnownFileType = folder.assetcatalog; path = Assets.xcassets; sourceTree = "<group>"; };
		7440C3462B851509004A39D4 /* Base */ = {isa = PBXFileReference; lastKnownFileType = file.storyboard; name = Base; path = Base.lproj/LaunchScreen.storyboard; sourceTree = "<group>"; };
		7440C3482B851509004A39D4 /* Info.plist */ = {isa = PBXFileReference; lastKnownFileType = text.plist.xml; path = Info.plist; sourceTree = "<group>"; };
		7440C34D2B851509004A39D4 /* SephoraTests.xctest */ = {isa = PBXFileReference; explicitFileType = wrapper.cfbundle; includeInIndex = 0; path = SephoraTests.xctest; sourceTree = BUILT_PRODUCTS_DIR; };
		7440C3512B851509004A39D4 /* SephoraTests.swift */ = {isa = PBXFileReference; lastKnownFileType = sourcecode.swift; path = SephoraTests.swift; sourceTree = "<group>"; };
		7440C3572B851509004A39D4 /* SephoraUITests.xctest */ = {isa = PBXFileReference; explicitFileType = wrapper.cfbundle; includeInIndex = 0; path = SephoraUITests.xctest; sourceTree = BUILT_PRODUCTS_DIR; };
		7440C35B2B851509004A39D4 /* SephoraUITests.swift */ = {isa = PBXFileReference; lastKnownFileType = sourcecode.swift; path = SephoraUITests.swift; sourceTree = "<group>"; };
		7440C35D2B851509004A39D4 /* SephoraUITestsLaunchTests.swift */ = {isa = PBXFileReference; lastKnownFileType = sourcecode.swift; path = SephoraUITestsLaunchTests.swift; sourceTree = "<group>"; };
		7440C36B2B851E65004A39D4 /* Constants.swift */ = {isa = PBXFileReference; lastKnownFileType = sourcecode.swift; path = Constants.swift; sourceTree = "<group>"; };
		7440C36F2B8522F1004A39D4 /* GetItemsService.swift */ = {isa = PBXFileReference; lastKnownFileType = sourcecode.swift; path = GetItemsService.swift; sourceTree = "<group>"; };
		7440C3722B852378004A39D4 /* Item.swift */ = {isa = PBXFileReference; lastKnownFileType = sourcecode.swift; path = Item.swift; sourceTree = "<group>"; };
		7440C3752B85246A004A39D4 /* APIError.swift */ = {isa = PBXFileReference; lastKnownFileType = sourcecode.swift; path = APIError.swift; sourceTree = "<group>"; };
		7440C3772B85287B004A39D4 /* ImageUrls.swift */ = {isa = PBXFileReference; lastKnownFileType = sourcecode.swift; path = ImageUrls.swift; sourceTree = "<group>"; };
		7440C3942B85A572004A39D4 /* README.md */ = {isa = PBXFileReference; fileEncoding = 4; lastKnownFileType = net.daringfireball.markdown; name = README.md; path = ../README.md; sourceTree = "<group>"; };
		7440C3992B865F71004A39D4 /* ItemsListInteractor.swift */ = {isa = PBXFileReference; fileEncoding = 4; lastKnownFileType = sourcecode.swift; path = ItemsListInteractor.swift; sourceTree = "<group>"; };
		7440C39A2B865F71004A39D4 /* ItemsListAssembler.swift */ = {isa = PBXFileReference; fileEncoding = 4; lastKnownFileType = sourcecode.swift; path = ItemsListAssembler.swift; sourceTree = "<group>"; };
		7440C39B2B865F71004A39D4 /* ItemsListPresenter.swift */ = {isa = PBXFileReference; fileEncoding = 4; lastKnownFileType = sourcecode.swift; path = ItemsListPresenter.swift; sourceTree = "<group>"; };
		7440C39C2B865F71004A39D4 /* ItemsListViewController.swift */ = {isa = PBXFileReference; fileEncoding = 4; lastKnownFileType = sourcecode.swift; path = ItemsListViewController.swift; sourceTree = "<group>"; };
		7440C39D2B865F71004A39D4 /* ItemsListView.swift */ = {isa = PBXFileReference; fileEncoding = 4; lastKnownFileType = sourcecode.swift; path = ItemsListView.swift; sourceTree = "<group>"; };
		7440C39E2B865F71004A39D4 /* ItemCell.swift */ = {isa = PBXFileReference; fileEncoding = 4; lastKnownFileType = sourcecode.swift; path = ItemCell.swift; sourceTree = "<group>"; };
		7440C3A52B865F7D004A39D4 /* ItemDetailsView.swift */ = {isa = PBXFileReference; fileEncoding = 4; lastKnownFileType = sourcecode.swift; path = ItemDetailsView.swift; sourceTree = "<group>"; };
		7440C3A62B865F7D004A39D4 /* ItemDetailsViewController.swift */ = {isa = PBXFileReference; fileEncoding = 4; lastKnownFileType = sourcecode.swift; path = ItemDetailsViewController.swift; sourceTree = "<group>"; };
/* End PBXFileReference section */

/* Begin PBXFrameworksBuildPhase section */
		7440C3342B851508004A39D4 /* Frameworks */ = {
			isa = PBXFrameworksBuildPhase;
			buildActionMask = 2147483647;
			files = (
				7440C3982B85A8C8004A39D4 /* Kingfisher in Frameworks */,
			);
			runOnlyForDeploymentPostprocessing = 0;
		};
		7440C34A2B851509004A39D4 /* Frameworks */ = {
			isa = PBXFrameworksBuildPhase;
			buildActionMask = 2147483647;
			files = (
			);
			runOnlyForDeploymentPostprocessing = 0;
		};
		7440C3542B851509004A39D4 /* Frameworks */ = {
			isa = PBXFrameworksBuildPhase;
			buildActionMask = 2147483647;
			files = (
			);
			runOnlyForDeploymentPostprocessing = 0;
		};
/* End PBXFrameworksBuildPhase section */

/* Begin PBXGroup section */
		7440C32E2B851508004A39D4 = {
			isa = PBXGroup;
			children = (
				7440C3942B85A572004A39D4 /* README.md */,
				7440C3392B851508004A39D4 /* Sephora */,
				7440C3502B851509004A39D4 /* SephoraTests */,
				7440C35A2B851509004A39D4 /* SephoraUITests */,
				7440C3382B851508004A39D4 /* Products */,
			);
			sourceTree = "<group>";
		};
		7440C3382B851508004A39D4 /* Products */ = {
			isa = PBXGroup;
			children = (
				7440C3372B851508004A39D4 /* Sephora.app */,
				7440C34D2B851509004A39D4 /* SephoraTests.xctest */,
				7440C3572B851509004A39D4 /* SephoraUITests.xctest */,
			);
			name = Products;
			sourceTree = "<group>";
		};
		7440C3392B851508004A39D4 /* Sephora */ = {
			isa = PBXGroup;
			children = (
				7440C3482B851509004A39D4 /* Info.plist */,
				7440C3432B851509004A39D4 /* Assets.xcassets */,
				7440C3452B851509004A39D4 /* LaunchScreen.storyboard */,
				7440C38B2B852D89004A39D4 /* Application */,
				7440C3802B852BAB004A39D4 /* Presentation */,
				7440C36A2B851ACB004A39D4 /* Network */,
			);
			path = Sephora;
			sourceTree = "<group>";
		};
		7440C3502B851509004A39D4 /* SephoraTests */ = {
			isa = PBXGroup;
			children = (
				7440C3512B851509004A39D4 /* SephoraTests.swift */,
			);
			path = SephoraTests;
			sourceTree = "<group>";
		};
		7440C35A2B851509004A39D4 /* SephoraUITests */ = {
			isa = PBXGroup;
			children = (
				7440C35B2B851509004A39D4 /* SephoraUITests.swift */,
				7440C35D2B851509004A39D4 /* SephoraUITestsLaunchTests.swift */,
			);
			path = SephoraUITests;
			sourceTree = "<group>";
		};
		7440C36A2B851ACB004A39D4 /* Network */ = {
			isa = PBXGroup;
			children = (
				7440C3752B85246A004A39D4 /* APIError.swift */,
				7440C3742B852383004A39D4 /* Models */,
				7440C3712B85236D004A39D4 /* Services */,
			);
			path = Network;
			sourceTree = "<group>";
		};
		7440C3712B85236D004A39D4 /* Services */ = {
			isa = PBXGroup;
			children = (
				7440C36F2B8522F1004A39D4 /* GetItemsService.swift */,
			);
			path = Services;
			sourceTree = "<group>";
		};
		7440C3742B852383004A39D4 /* Models */ = {
			isa = PBXGroup;
			children = (
				7440C3722B852378004A39D4 /* Item.swift */,
				7440C3772B85287B004A39D4 /* ImageUrls.swift */,
			);
			path = Models;
			sourceTree = "<group>";
		};
		7440C3802B852BAB004A39D4 /* Presentation */ = {
			isa = PBXGroup;
			children = (
				7440C3812B852BB4004A39D4 /* ItemsList */,
				7440C3822B852BBC004A39D4 /* ItemDetails */,
			);
			path = Presentation;
			sourceTree = "<group>";
		};
		7440C3812B852BB4004A39D4 /* ItemsList */ = {
			isa = PBXGroup;
			children = (
				7440C39E2B865F71004A39D4 /* ItemCell.swift */,
				7440C39A2B865F71004A39D4 /* ItemsListAssembler.swift */,
				7440C3992B865F71004A39D4 /* ItemsListInteractor.swift */,
				7440C39B2B865F71004A39D4 /* ItemsListPresenter.swift */,
				7440C39D2B865F71004A39D4 /* ItemsListView.swift */,
				7440C39C2B865F71004A39D4 /* ItemsListViewController.swift */,
			);
			path = ItemsList;
			sourceTree = "<group>";
		};
		7440C3822B852BBC004A39D4 /* ItemDetails */ = {
			isa = PBXGroup;
			children = (
				7440C3A52B865F7D004A39D4 /* ItemDetailsView.swift */,
				7440C3A62B865F7D004A39D4 /* ItemDetailsViewController.swift */,
			);
			path = ItemDetails;
			sourceTree = "<group>";
		};
		7440C38B2B852D89004A39D4 /* Application */ = {
			isa = PBXGroup;
			children = (
				7440C33A2B851508004A39D4 /* AppDelegate.swift */,
				7440C33C2B851508004A39D4 /* SceneDelegate.swift */,
				7440C36B2B851E65004A39D4 /* Constants.swift */,
			);
			path = Application;
			sourceTree = "<group>";
		};
/* End PBXGroup section */

/* Begin PBXNativeTarget section */
		7440C3362B851508004A39D4 /* Sephora */ = {
			isa = PBXNativeTarget;
			buildConfigurationList = 7440C3612B851509004A39D4 /* Build configuration list for PBXNativeTarget "Sephora" */;
			buildPhases = (
				7440C3332B851508004A39D4 /* Sources */,
				7440C3342B851508004A39D4 /* Frameworks */,
				7440C3352B851508004A39D4 /* Resources */,
			);
			buildRules = (
			);
			dependencies = (
			);
			name = Sephora;
			packageProductDependencies = (
				7440C3972B85A8C8004A39D4 /* Kingfisher */,
			);
			productName = Sephora;
			productReference = 7440C3372B851508004A39D4 /* Sephora.app */;
			productType = "com.apple.product-type.application";
		};
		7440C34C2B851509004A39D4 /* SephoraTests */ = {
			isa = PBXNativeTarget;
			buildConfigurationList = 7440C3642B851509004A39D4 /* Build configuration list for PBXNativeTarget "SephoraTests" */;
			buildPhases = (
				7440C3492B851509004A39D4 /* Sources */,
				7440C34A2B851509004A39D4 /* Frameworks */,
				7440C34B2B851509004A39D4 /* Resources */,
			);
			buildRules = (
			);
			dependencies = (
				7440C34F2B851509004A39D4 /* PBXTargetDependency */,
			);
			name = SephoraTests;
			productName = SephoraTests;
			productReference = 7440C34D2B851509004A39D4 /* SephoraTests.xctest */;
			productType = "com.apple.product-type.bundle.unit-test";
		};
		7440C3562B851509004A39D4 /* SephoraUITests */ = {
			isa = PBXNativeTarget;
			buildConfigurationList = 7440C3672B851509004A39D4 /* Build configuration list for PBXNativeTarget "SephoraUITests" */;
			buildPhases = (
				7440C3532B851509004A39D4 /* Sources */,
				7440C3542B851509004A39D4 /* Frameworks */,
				7440C3552B851509004A39D4 /* Resources */,
			);
			buildRules = (
			);
			dependencies = (
				7440C3592B851509004A39D4 /* PBXTargetDependency */,
			);
			name = SephoraUITests;
			productName = SephoraUITests;
			productReference = 7440C3572B851509004A39D4 /* SephoraUITests.xctest */;
			productType = "com.apple.product-type.bundle.ui-testing";
		};
/* End PBXNativeTarget section */

/* Begin PBXProject section */
		7440C32F2B851508004A39D4 /* Project object */ = {
			isa = PBXProject;
			attributes = {
				BuildIndependentTargetsInParallel = 1;
				LastSwiftUpdateCheck = 1520;
				LastUpgradeCheck = 1520;
				TargetAttributes = {
					7440C3362B851508004A39D4 = {
						CreatedOnToolsVersion = 15.2;
					};
					7440C34C2B851509004A39D4 = {
						CreatedOnToolsVersion = 15.2;
						TestTargetID = 7440C3362B851508004A39D4;
					};
					7440C3562B851509004A39D4 = {
						CreatedOnToolsVersion = 15.2;
						TestTargetID = 7440C3362B851508004A39D4;
					};
				};
			};
			buildConfigurationList = 7440C3322B851508004A39D4 /* Build configuration list for PBXProject "Sephora" */;
			compatibilityVersion = "Xcode 14.0";
			developmentRegion = en;
			hasScannedForEncodings = 0;
			knownRegions = (
				en,
				Base,
			);
			mainGroup = 7440C32E2B851508004A39D4;
			packageReferences = (
				7440C3962B85A8C8004A39D4 /* XCRemoteSwiftPackageReference "Kingfisher" */,
			);
			productRefGroup = 7440C3382B851508004A39D4 /* Products */;
			projectDirPath = "";
			projectRoot = "";
			targets = (
				7440C3362B851508004A39D4 /* Sephora */,
				7440C34C2B851509004A39D4 /* SephoraTests */,
				7440C3562B851509004A39D4 /* SephoraUITests */,
			);
		};
/* End PBXProject section */

/* Begin PBXResourcesBuildPhase section */
		7440C3352B851508004A39D4 /* Resources */ = {
			isa = PBXResourcesBuildPhase;
			buildActionMask = 2147483647;
			files = (
				7440C3952B85A572004A39D4 /* README.md in Resources */,
				7440C3472B851509004A39D4 /* LaunchScreen.storyboard in Resources */,
				7440C3442B851509004A39D4 /* Assets.xcassets in Resources */,
			);
			runOnlyForDeploymentPostprocessing = 0;
		};
		7440C34B2B851509004A39D4 /* Resources */ = {
			isa = PBXResourcesBuildPhase;
			buildActionMask = 2147483647;
			files = (
			);
			runOnlyForDeploymentPostprocessing = 0;
		};
		7440C3552B851509004A39D4 /* Resources */ = {
			isa = PBXResourcesBuildPhase;
			buildActionMask = 2147483647;
			files = (
			);
			runOnlyForDeploymentPostprocessing = 0;
		};
/* End PBXResourcesBuildPhase section */

/* Begin PBXSourcesBuildPhase section */
		7440C3332B851508004A39D4 /* Sources */ = {
			isa = PBXSourcesBuildPhase;
			buildActionMask = 2147483647;
			files = (
				7440C3A72B865F7D004A39D4 /* ItemDetailsView.swift in Sources */,
				7440C3A12B865F71004A39D4 /* ItemsListPresenter.swift in Sources */,
				7440C3A82B865F7D004A39D4 /* ItemDetailsViewController.swift in Sources */,
				7440C39F2B865F71004A39D4 /* ItemsListInteractor.swift in Sources */,
				7440C3702B8522F1004A39D4 /* GetItemsService.swift in Sources */,
				7440C33B2B851508004A39D4 /* AppDelegate.swift in Sources */,
				7440C3782B85287B004A39D4 /* ImageUrls.swift in Sources */,
				7440C33D2B851508004A39D4 /* SceneDelegate.swift in Sources */,
				7440C3732B852378004A39D4 /* Item.swift in Sources */,
				7440C3A32B865F71004A39D4 /* ItemsListView.swift in Sources */,
				7440C36C2B851E65004A39D4 /* Constants.swift in Sources */,
				7440C3A22B865F71004A39D4 /* ItemsListViewController.swift in Sources */,
				7440C3762B85246A004A39D4 /* APIError.swift in Sources */,
				7440C3A02B865F71004A39D4 /* ItemsListAssembler.swift in Sources */,
				7440C3A42B865F71004A39D4 /* ItemCell.swift in Sources */,
			);
			runOnlyForDeploymentPostprocessing = 0;
		};
		7440C3492B851509004A39D4 /* Sources */ = {
			isa = PBXSourcesBuildPhase;
			buildActionMask = 2147483647;
			files = (
				7440C3522B851509004A39D4 /* SephoraTests.swift in Sources */,
			);
			runOnlyForDeploymentPostprocessing = 0;
		};
		7440C3532B851509004A39D4 /* Sources */ = {
			isa = PBXSourcesBuildPhase;
			buildActionMask = 2147483647;
			files = (
				7440C35C2B851509004A39D4 /* SephoraUITests.swift in Sources */,
				7440C35E2B851509004A39D4 /* SephoraUITestsLaunchTests.swift in Sources */,
			);
			runOnlyForDeploymentPostprocessing = 0;
		};
/* End PBXSourcesBuildPhase section */

/* Begin PBXTargetDependency section */
		7440C34F2B851509004A39D4 /* PBXTargetDependency */ = {
			isa = PBXTargetDependency;
			target = 7440C3362B851508004A39D4 /* Sephora */;
			targetProxy = 7440C34E2B851509004A39D4 /* PBXContainerItemProxy */;
		};
		7440C3592B851509004A39D4 /* PBXTargetDependency */ = {
			isa = PBXTargetDependency;
			target = 7440C3362B851508004A39D4 /* Sephora */;
			targetProxy = 7440C3582B851509004A39D4 /* PBXContainerItemProxy */;
		};
/* End PBXTargetDependency section */

/* Begin PBXVariantGroup section */
		7440C3452B851509004A39D4 /* LaunchScreen.storyboard */ = {
			isa = PBXVariantGroup;
			children = (
				7440C3462B851509004A39D4 /* Base */,
			);
			name = LaunchScreen.storyboard;
			sourceTree = "<group>";
		};
/* End PBXVariantGroup section */

/* Begin XCBuildConfiguration section */
		7440C35F2B851509004A39D4 /* Debug */ = {
			isa = XCBuildConfiguration;
			buildSettings = {
				ALWAYS_SEARCH_USER_PATHS = NO;
				ASSETCATALOG_COMPILER_GENERATE_SWIFT_ASSET_SYMBOL_EXTENSIONS = YES;
				CLANG_ANALYZER_NONNULL = YES;
				CLANG_ANALYZER_NUMBER_OBJECT_CONVERSION = YES_AGGRESSIVE;
				CLANG_CXX_LANGUAGE_STANDARD = "gnu++20";
				CLANG_ENABLE_MODULES = YES;
				CLANG_ENABLE_OBJC_ARC = YES;
				CLANG_ENABLE_OBJC_WEAK = YES;
				CLANG_WARN_BLOCK_CAPTURE_AUTORELEASING = YES;
				CLANG_WARN_BOOL_CONVERSION = YES;
				CLANG_WARN_COMMA = YES;
				CLANG_WARN_CONSTANT_CONVERSION = YES;
				CLANG_WARN_DEPRECATED_OBJC_IMPLEMENTATIONS = YES;
				CLANG_WARN_DIRECT_OBJC_ISA_USAGE = YES_ERROR;
				CLANG_WARN_DOCUMENTATION_COMMENTS = YES;
				CLANG_WARN_EMPTY_BODY = YES;
				CLANG_WARN_ENUM_CONVERSION = YES;
				CLANG_WARN_INFINITE_RECURSION = YES;
				CLANG_WARN_INT_CONVERSION = YES;
				CLANG_WARN_NON_LITERAL_NULL_CONVERSION = YES;
				CLANG_WARN_OBJC_IMPLICIT_RETAIN_SELF = YES;
				CLANG_WARN_OBJC_LITERAL_CONVERSION = YES;
				CLANG_WARN_OBJC_ROOT_CLASS = YES_ERROR;
				CLANG_WARN_QUOTED_INCLUDE_IN_FRAMEWORK_HEADER = YES;
				CLANG_WARN_RANGE_LOOP_ANALYSIS = YES;
				CLANG_WARN_STRICT_PROTOTYPES = YES;
				CLANG_WARN_SUSPICIOUS_MOVE = YES;
				CLANG_WARN_UNGUARDED_AVAILABILITY = YES_AGGRESSIVE;
				CLANG_WARN_UNREACHABLE_CODE = YES;
				CLANG_WARN__DUPLICATE_METHOD_MATCH = YES;
				COPY_PHASE_STRIP = NO;
				DEBUG_INFORMATION_FORMAT = dwarf;
				ENABLE_STRICT_OBJC_MSGSEND = YES;
				ENABLE_TESTABILITY = YES;
				ENABLE_USER_SCRIPT_SANDBOXING = YES;
				GCC_C_LANGUAGE_STANDARD = gnu17;
				GCC_DYNAMIC_NO_PIC = NO;
				GCC_NO_COMMON_BLOCKS = YES;
				GCC_OPTIMIZATION_LEVEL = 0;
				GCC_PREPROCESSOR_DEFINITIONS = (
					"DEBUG=1",
					"$(inherited)",
				);
				GCC_WARN_64_TO_32_BIT_CONVERSION = YES;
				GCC_WARN_ABOUT_RETURN_TYPE = YES_ERROR;
				GCC_WARN_UNDECLARED_SELECTOR = YES;
				GCC_WARN_UNINITIALIZED_AUTOS = YES_AGGRESSIVE;
				GCC_WARN_UNUSED_FUNCTION = YES;
				GCC_WARN_UNUSED_VARIABLE = YES;
				IPHONEOS_DEPLOYMENT_TARGET = 17.2;
				LOCALIZATION_PREFERS_STRING_CATALOGS = YES;
				MTL_ENABLE_DEBUG_INFO = INCLUDE_SOURCE;
				MTL_FAST_MATH = YES;
				ONLY_ACTIVE_ARCH = YES;
				SDKROOT = iphoneos;
				SWIFT_ACTIVE_COMPILATION_CONDITIONS = "DEBUG $(inherited)";
				SWIFT_OPTIMIZATION_LEVEL = "-Onone";
			};
			name = Debug;
		};
		7440C3602B851509004A39D4 /* Release */ = {
			isa = XCBuildConfiguration;
			buildSettings = {
				ALWAYS_SEARCH_USER_PATHS = NO;
				ASSETCATALOG_COMPILER_GENERATE_SWIFT_ASSET_SYMBOL_EXTENSIONS = YES;
				CLANG_ANALYZER_NONNULL = YES;
				CLANG_ANALYZER_NUMBER_OBJECT_CONVERSION = YES_AGGRESSIVE;
				CLANG_CXX_LANGUAGE_STANDARD = "gnu++20";
				CLANG_ENABLE_MODULES = YES;
				CLANG_ENABLE_OBJC_ARC = YES;
				CLANG_ENABLE_OBJC_WEAK = YES;
				CLANG_WARN_BLOCK_CAPTURE_AUTORELEASING = YES;
				CLANG_WARN_BOOL_CONVERSION = YES;
				CLANG_WARN_COMMA = YES;
				CLANG_WARN_CONSTANT_CONVERSION = YES;
				CLANG_WARN_DEPRECATED_OBJC_IMPLEMENTATIONS = YES;
				CLANG_WARN_DIRECT_OBJC_ISA_USAGE = YES_ERROR;
				CLANG_WARN_DOCUMENTATION_COMMENTS = YES;
				CLANG_WARN_EMPTY_BODY = YES;
				CLANG_WARN_ENUM_CONVERSION = YES;
				CLANG_WARN_INFINITE_RECURSION = YES;
				CLANG_WARN_INT_CONVERSION = YES;
				CLANG_WARN_NON_LITERAL_NULL_CONVERSION = YES;
				CLANG_WARN_OBJC_IMPLICIT_RETAIN_SELF = YES;
				CLANG_WARN_OBJC_LITERAL_CONVERSION = YES;
				CLANG_WARN_OBJC_ROOT_CLASS = YES_ERROR;
				CLANG_WARN_QUOTED_INCLUDE_IN_FRAMEWORK_HEADER = YES;
				CLANG_WARN_RANGE_LOOP_ANALYSIS = YES;
				CLANG_WARN_STRICT_PROTOTYPES = YES;
				CLANG_WARN_SUSPICIOUS_MOVE = YES;
				CLANG_WARN_UNGUARDED_AVAILABILITY = YES_AGGRESSIVE;
				CLANG_WARN_UNREACHABLE_CODE = YES;
				CLANG_WARN__DUPLICATE_METHOD_MATCH = YES;
				COPY_PHASE_STRIP = NO;
				DEBUG_INFORMATION_FORMAT = "dwarf-with-dsym";
				ENABLE_NS_ASSERTIONS = NO;
				ENABLE_STRICT_OBJC_MSGSEND = YES;
				ENABLE_USER_SCRIPT_SANDBOXING = YES;
				GCC_C_LANGUAGE_STANDARD = gnu17;
				GCC_NO_COMMON_BLOCKS = YES;
				GCC_WARN_64_TO_32_BIT_CONVERSION = YES;
				GCC_WARN_ABOUT_RETURN_TYPE = YES_ERROR;
				GCC_WARN_UNDECLARED_SELECTOR = YES;
				GCC_WARN_UNINITIALIZED_AUTOS = YES_AGGRESSIVE;
				GCC_WARN_UNUSED_FUNCTION = YES;
				GCC_WARN_UNUSED_VARIABLE = YES;
				IPHONEOS_DEPLOYMENT_TARGET = 17.2;
				LOCALIZATION_PREFERS_STRING_CATALOGS = YES;
				MTL_ENABLE_DEBUG_INFO = NO;
				MTL_FAST_MATH = YES;
				SDKROOT = iphoneos;
				SWIFT_COMPILATION_MODE = wholemodule;
				VALIDATE_PRODUCT = YES;
			};
			name = Release;
		};
		7440C3622B851509004A39D4 /* Debug */ = {
			isa = XCBuildConfiguration;
			buildSettings = {
				ASSETCATALOG_COMPILER_APPICON_NAME = AppIcon;
				ASSETCATALOG_COMPILER_GLOBAL_ACCENT_COLOR_NAME = AccentColor;
				CODE_SIGN_STYLE = Automatic;
				CURRENT_PROJECT_VERSION = 1;
				DEVELOPMENT_TEAM = MLQB46LVMW;
				GENERATE_INFOPLIST_FILE = YES;
				INFOPLIST_FILE = Sephora/Info.plist;
				INFOPLIST_KEY_UIApplicationSupportsIndirectInputEvents = YES;
				INFOPLIST_KEY_UILaunchStoryboardName = LaunchScreen;
				INFOPLIST_KEY_UIMainStoryboardFile = "";
				INFOPLIST_KEY_UISupportedInterfaceOrientations_iPad = "UIInterfaceOrientationPortrait UIInterfaceOrientationPortraitUpsideDown UIInterfaceOrientationLandscapeLeft UIInterfaceOrientationLandscapeRight";
				INFOPLIST_KEY_UISupportedInterfaceOrientations_iPhone = "UIInterfaceOrientationPortrait UIInterfaceOrientationLandscapeLeft UIInterfaceOrientationLandscapeRight";
				LD_RUNPATH_SEARCH_PATHS = (
					"$(inherited)",
					"@executable_path/Frameworks",
				);
				MARKETING_VERSION = 1.0;
				PRODUCT_BUNDLE_IDENTIFIER = com.voodoocoding.Sephora;
				PRODUCT_NAME = "$(TARGET_NAME)";
				SWIFT_EMIT_LOC_STRINGS = YES;
				SWIFT_VERSION = 5.0;
				TARGETED_DEVICE_FAMILY = "1,2";
			};
			name = Debug;
		};
		7440C3632B851509004A39D4 /* Release */ = {
			isa = XCBuildConfiguration;
			buildSettings = {
				ASSETCATALOG_COMPILER_APPICON_NAME = AppIcon;
				ASSETCATALOG_COMPILER_GLOBAL_ACCENT_COLOR_NAME = AccentColor;
				CODE_SIGN_STYLE = Automatic;
				CURRENT_PROJECT_VERSION = 1;
				DEVELOPMENT_TEAM = MLQB46LVMW;
				GENERATE_INFOPLIST_FILE = YES;
				INFOPLIST_FILE = Sephora/Info.plist;
				INFOPLIST_KEY_UIApplicationSupportsIndirectInputEvents = YES;
				INFOPLIST_KEY_UILaunchStoryboardName = LaunchScreen;
				INFOPLIST_KEY_UIMainStoryboardFile = "";
				INFOPLIST_KEY_UISupportedInterfaceOrientations_iPad = "UIInterfaceOrientationPortrait UIInterfaceOrientationPortraitUpsideDown UIInterfaceOrientationLandscapeLeft UIInterfaceOrientationLandscapeRight";
				INFOPLIST_KEY_UISupportedInterfaceOrientations_iPhone = "UIInterfaceOrientationPortrait UIInterfaceOrientationLandscapeLeft UIInterfaceOrientationLandscapeRight";
				LD_RUNPATH_SEARCH_PATHS = (
					"$(inherited)",
					"@executable_path/Frameworks",
				);
				MARKETING_VERSION = 1.0;
				PRODUCT_BUNDLE_IDENTIFIER = com.voodoocoding.Sephora;
				PRODUCT_NAME = "$(TARGET_NAME)";
				SWIFT_EMIT_LOC_STRINGS = YES;
				SWIFT_VERSION = 5.0;
				TARGETED_DEVICE_FAMILY = "1,2";
			};
			name = Release;
		};
		7440C3652B851509004A39D4 /* Debug */ = {
			isa = XCBuildConfiguration;
			buildSettings = {
				ALWAYS_EMBED_SWIFT_STANDARD_LIBRARIES = YES;
				BUNDLE_LOADER = "$(TEST_HOST)";
				CODE_SIGN_STYLE = Automatic;
				CURRENT_PROJECT_VERSION = 1;
				DEVELOPMENT_TEAM = MLQB46LVMW;
				GENERATE_INFOPLIST_FILE = YES;
				IPHONEOS_DEPLOYMENT_TARGET = 17.2;
				MARKETING_VERSION = 1.0;
				PRODUCT_BUNDLE_IDENTIFIER = com.voodoocoding.SephoraTests;
				PRODUCT_NAME = "$(TARGET_NAME)";
				SWIFT_EMIT_LOC_STRINGS = NO;
				SWIFT_VERSION = 5.0;
				TARGETED_DEVICE_FAMILY = "1,2";
				TEST_HOST = "$(BUILT_PRODUCTS_DIR)/Sephora.app/$(BUNDLE_EXECUTABLE_FOLDER_PATH)/Sephora";
			};
			name = Debug;
		};
		7440C3662B851509004A39D4 /* Release */ = {
			isa = XCBuildConfiguration;
			buildSettings = {
				ALWAYS_EMBED_SWIFT_STANDARD_LIBRARIES = YES;
				BUNDLE_LOADER = "$(TEST_HOST)";
				CODE_SIGN_STYLE = Automatic;
				CURRENT_PROJECT_VERSION = 1;
				DEVELOPMENT_TEAM = MLQB46LVMW;
				GENERATE_INFOPLIST_FILE = YES;
				IPHONEOS_DEPLOYMENT_TARGET = 17.2;
				MARKETING_VERSION = 1.0;
				PRODUCT_BUNDLE_IDENTIFIER = com.voodoocoding.SephoraTests;
				PRODUCT_NAME = "$(TARGET_NAME)";
				SWIFT_EMIT_LOC_STRINGS = NO;
				SWIFT_VERSION = 5.0;
				TARGETED_DEVICE_FAMILY = "1,2";
				TEST_HOST = "$(BUILT_PRODUCTS_DIR)/Sephora.app/$(BUNDLE_EXECUTABLE_FOLDER_PATH)/Sephora";
			};
			name = Release;
		};
		7440C3682B851509004A39D4 /* Debug */ = {
			isa = XCBuildConfiguration;
			buildSettings = {
				ALWAYS_EMBED_SWIFT_STANDARD_LIBRARIES = YES;
				CODE_SIGN_STYLE = Automatic;
				CURRENT_PROJECT_VERSION = 1;
				DEVELOPMENT_TEAM = MLQB46LVMW;
				GENERATE_INFOPLIST_FILE = YES;
				MARKETING_VERSION = 1.0;
				PRODUCT_BUNDLE_IDENTIFIER = com.voodoocoding.SephoraUITests;
				PRODUCT_NAME = "$(TARGET_NAME)";
				SWIFT_EMIT_LOC_STRINGS = NO;
				SWIFT_VERSION = 5.0;
				TARGETED_DEVICE_FAMILY = "1,2";
				TEST_TARGET_NAME = Sephora;
			};
			name = Debug;
		};
		7440C3692B851509004A39D4 /* Release */ = {
			isa = XCBuildConfiguration;
			buildSettings = {
				ALWAYS_EMBED_SWIFT_STANDARD_LIBRARIES = YES;
				CODE_SIGN_STYLE = Automatic;
				CURRENT_PROJECT_VERSION = 1;
				DEVELOPMENT_TEAM = MLQB46LVMW;
				GENERATE_INFOPLIST_FILE = YES;
				MARKETING_VERSION = 1.0;
				PRODUCT_BUNDLE_IDENTIFIER = com.voodoocoding.SephoraUITests;
				PRODUCT_NAME = "$(TARGET_NAME)";
				SWIFT_EMIT_LOC_STRINGS = NO;
				SWIFT_VERSION = 5.0;
				TARGETED_DEVICE_FAMILY = "1,2";
				TEST_TARGET_NAME = Sephora;
			};
			name = Release;
		};
/* End XCBuildConfiguration section */

/* Begin XCConfigurationList section */
		7440C3322B851508004A39D4 /* Build configuration list for PBXProject "Sephora" */ = {
			isa = XCConfigurationList;
			buildConfigurations = (
				7440C35F2B851509004A39D4 /* Debug */,
				7440C3602B851509004A39D4 /* Release */,
			);
			defaultConfigurationIsVisible = 0;
			defaultConfigurationName = Release;
		};
		7440C3612B851509004A39D4 /* Build configuration list for PBXNativeTarget "Sephora" */ = {
			isa = XCConfigurationList;
			buildConfigurations = (
				7440C3622B851509004A39D4 /* Debug */,
				7440C3632B851509004A39D4 /* Release */,
			);
			defaultConfigurationIsVisible = 0;
			defaultConfigurationName = Release;
		};
		7440C3642B851509004A39D4 /* Build configuration list for PBXNativeTarget "SephoraTests" */ = {
			isa = XCConfigurationList;
			buildConfigurations = (
				7440C3652B851509004A39D4 /* Debug */,
				7440C3662B851509004A39D4 /* Release */,
			);
			defaultConfigurationIsVisible = 0;
			defaultConfigurationName = Release;
		};
		7440C3672B851509004A39D4 /* Build configuration list for PBXNativeTarget "SephoraUITests" */ = {
			isa = XCConfigurationList;
			buildConfigurations = (
				7440C3682B851509004A39D4 /* Debug */,
				7440C3692B851509004A39D4 /* Release */,
			);
			defaultConfigurationIsVisible = 0;
			defaultConfigurationName = Release;
		};
/* End XCConfigurationList section */

/* Begin XCRemoteSwiftPackageReference section */
		7440C3962B85A8C8004A39D4 /* XCRemoteSwiftPackageReference "Kingfisher" */ = {
			isa = XCRemoteSwiftPackageReference;
			repositoryURL = "https://github.com/onevcat/Kingfisher.git";
			requirement = {
				kind = upToNextMajorVersion;
				minimumVersion = 7.11.0;
			};
		};
/* End XCRemoteSwiftPackageReference section */

/* Begin XCSwiftPackageProductDependency section */
		7440C3972B85A8C8004A39D4 /* Kingfisher */ = {
			isa = XCSwiftPackageProductDependency;
			package = 7440C3962B85A8C8004A39D4 /* XCRemoteSwiftPackageReference "Kingfisher" */;
			productName = Kingfisher;
		};
/* End XCSwiftPackageProductDependency section */
	};
	rootObject = 7440C32F2B851508004A39D4 /* Project object */;
}
